
Microsoft Visual Studio Solution File, Format Version 12.00
# Visual Studio Version 16
VisualStudioVersion = 16.0.31019.35
MinimumVisualStudioVersion = 10.0.40219.1
Project("{FAE04EC0-301F-11D3-BF4B-00C04F79EFBC}") = "ATM_Machine_Transaction", "ATM_Machine_Transaction.csproj", "{A70B6667-220A-48B2-95A7-E9E566E771ED}"
EndProject
Global
	GlobalSection(SolutionConfigurationPlatforms) = preSolution
		Debug|Any CPU = Debug|Any CPU
		Release|Any CPU = Release|Any CPU
	EndGlobalSection
	GlobalSection(ProjectConfigurationPlatforms) = postSolution
		{A70B6667-220A-48B2-95A7-E9E566E771ED}.Debug|Any CPU.ActiveCfg = Debug|Any CPU
		{A70B6667-220A-48B2-95A7-E9E566E771ED}.Debug|Any CPU.Build.0 = Debug|Any CPU
		{A70B6667-220A-48B2-95A7-E9E566E771ED}.Release|Any CPU.ActiveCfg = Release|Any CPU
		{A70B6667-220A-48B2-95A7-E9E566E771ED}.Release|Any CPU.Build.0 = Release|Any CPU
	EndGlobalSection
	GlobalSection(SolutionProperties) = preSolution
		HideSolutionNode = FALSE
	EndGlobalSection
	GlobalSection(ExtensibilityGlobals) = postSolution
		SolutionGuid = {0F3D3239-6CB4-4E73-8087-AA1B4E8F9A16}
	EndGlobalSection
EndGlobal
